
Microsoft Visual Studio Solution File, Format Version 12.00
Project("{FAE04EC0-301F-11D3-BF4B-00C04F79EFBC}") = "AutomaticControlTheory", "AutomaticControlTheory\AutomaticControlTheory.csproj", "{D1EA38DF-2171-44FD-A051-19C2E786BCCD}"
EndProject
Global
	GlobalSection(SolutionConfigurationPlatforms) = preSolution
		Debug|Any CPU = Debug|Any CPU
		Release|Any CPU = Release|Any CPU
	EndGlobalSection
	GlobalSection(ProjectConfigurationPlatforms) = postSolution
		{D1EA38DF-2171-44FD-A051-19C2E786BCCD}.Debug|Any CPU.ActiveCfg = Debug|Any CPU
		{D1EA38DF-2171-44FD-A051-19C2E786BCCD}.Debug|Any CPU.Build.0 = Debug|Any CPU
		{D1EA38DF-2171-44FD-A051-19C2E786BCCD}.Release|Any CPU.ActiveCfg = Release|Any CPU
		{D1EA38DF-2171-44FD-A051-19C2E786BCCD}.Release|Any CPU.Build.0 = Release|Any CPU
	EndGlobalSection
EndGlobal
